{
  "name": "DentalClinic",
  "lockfileVersion": 3,
  "requires": true,
  "packages": {
    "": {
      "dependencies": {
        "@prisma/client": "^7.6.0"
      }
    },
    "node_modules/@prisma/client": {
      "version": "7.6.0",
      "resolved": "https://registry.npmjs.org/@prisma/client/-/client-7.6.0.tgz",
      "integrity": "sha512-7Pe/1ayh3GgWPEg4mmT4ax77LJ1wC+XlnIFvQ94bLP2DsUnOpnruQQR3Jw7r+Frthk94QqDNxo3FjSg8h9PXeQ==",
      "license": "Apache-2.0",
      "dependencies": {
        "@prisma/client-runtime-utils": "7.6.0"
      },
      "engines": {
        "node": "^20.19 || ^22.12 || >=24.0"
      },
      "peerDependencies": {
        "prisma": "*",
        "typescript": ">=5.4.0"
      },
      "peerDependenciesMeta": {
        "prisma": {
          "optional": true
        },
        "typescript": {
          "optional": true
        }
      }
    },
    "node_modules/@prisma/client-runtime-utils": {
      "version": "7.6.0",
      "resolved": "https://registry.npmjs.org/@prisma/client-runtime-utils/-/client-runtime-utils-7.6.0.tgz",
      "integrity": "sha512-fD7jlqubsZvVODKvsp9lOpXVecx2aWGxC2l35Ioz2t+teUJ5CfR0SAMsi7UkU1VvaZmmm+DS6BdujF622nY7tQ==",
      "license": "Apache-2.0"
    }
  }
}
